PODS:
  - AFNetworking (3.2.0):
    - AFNetworking/NSURLSession (= 3.2.0)
    - AFNetworking/Reachability (= 3.2.0)
    - AFNetworking/Security (= 3.2.0)
    - AFNetworking/Serialization (= 3.2.0)
    - AFNetworking/UIKit (= 3.2.0)
  - AFNetworking/NSURLSession (3.2.0):
    - AFNetworking/Reachability
    - AFNetworking/Security
    - AFNetworking/Serialization
  - AFNetworking/Reachability (3.2.0)
  - AFNetworking/Security (3.2.0)
  - AFNetworking/Serialization (3.2.0)
  - AFNetworking/UIKit (3.2.0):
    - AFNetworking/NSURLSession
  - AMap3DMap (6.1.0):
    - AMapFoundation (~> 1.4)
  - AMapFoundation (1.4.3)
  - AMapSearch (6.1.0):
    - AMapFoundation (~> 1.4)
  - AvoidCrash (2.5.2)
  - Masonry (1.1.0)
  - tingyunApp (2.8.2)
  - XMNetworking (1.0.2):
    - XMNetworking/Core (= 1.0.2)
    - XMNetworking/Lib (= 1.0.2)
  - XMNetworking/Core (1.0.2):
    - XMNetworking/Lib/AFNetworking-3.1.0
  - XMNetworking/Lib (1.0.2):
    - XMNetworking/Lib/AFNetworking-3.1.0 (= 1.0.2)
  - XMNetworking/Lib/AFNetworking-3.1.0 (1.0.2)
  - YYCategories (1.0.4):
    - YYCategories/no-arc (= 1.0.4)
  - YYCategories/no-arc (1.0.4)

DEPENDENCIES:
  - AFNetworking (~> 3.0)
  - AMap3DMap
  - AMapSearch
  - AvoidCrash (~> 2.5.2)
  - Masonry
  - tingyunApp (~> 2.8.2)
  - XMNetworking
  - YYCategories

SPEC REPOS:
  https://github.com/CocoaPods/Specs.git:
    - AFNetworking
    - AMap3DMap
    - AMapFoundation
    - AMapSearch
    - AvoidCrash
    - Masonry
    - tingyunApp
    - XMNetworking
    - YYCategories

SPEC CHECKSUMS:
  AFNetworking: 8ac6017b94ea105479f7776e5288e48ae9c59bb4
  AMap3DMap: 2cf8028884fc66c7e051f5e8818808949eff290d
  AMapFoundation: 973682cfe60b92efd73a8ef8f1144fa0fa8e1296
  AMapSearch: e3f96bd0681abe70abba303709a1a05625a8f76c
  AvoidCrash: 28c6916fe19bd2b84126b8dec7cbe61c9a12741d
  Masonry: 678fab65091a9290e40e2832a55e7ab731aad201
  tingyunApp: 2d9a7367a2c3f37df8657b1df457d2d2b01aba88
  XMNetworking: bcc1d167c4386fb6bfefb0d6c7087f09333c2e09
  YYCategories: 6bcd4314c6661a561410dce4a793379ebd306abd

PODFILE CHECKSUM: 777eee1ddd4fae8e905d2fd1dd2097b7baafc2c4

COCOAPODS: 1.5.0
